
Microsoft Visual Studio Solution File, Format Version 12.00
# Visual Studio Version 17
VisualStudioVersion = 17.13.35919.96
MinimumVisualStudioVersion = 10.0.40219.1
Project("{FAE04EC0-301F-11D3-BF4B-00C04F79EFBC}") = "Auth_API", "Auth_API.csproj", "{1FF8B699-D43F-4E79-B7FE-490DB63E6082}"
EndProject
Global
	GlobalSection(SolutionConfigurationPlatforms) = preSolution
		Debug|Any CPU = Debug|Any CPU
		Release|Any CPU = Release|Any CPU
	EndGlobalSection
	GlobalSection(ProjectConfigurationPlatforms) = postSolution
		{1FF8B699-D43F-4E79-B7FE-490DB63E6082}.Debug|Any CPU.ActiveCfg = Debug|Any CPU
		{1FF8B699-D43F-4E79-B7FE-490DB63E6082}.Debug|Any CPU.Build.0 = Debug|Any CPU
		{1FF8B699-D43F-4E79-B7FE-490DB63E6082}.Release|Any CPU.ActiveCfg = Release|Any CPU
		{1FF8B699-D43F-4E79-B7FE-490DB63E6082}.Release|Any CPU.Build.0 = Release|Any CPU
	EndGlobalSection
	GlobalSection(SolutionProperties) = preSolution
		HideSolutionNode = FALSE
	EndGlobalSection
	GlobalSection(ExtensibilityGlobals) = postSolution
		SolutionGuid = {F9711A16-3536-4F59-83E4-8D2BB5B00E51}
	EndGlobalSection
EndGlobal
